<?xml version="1.0" encoding="utf-8"?>
<Project ToolsVersion="4.0" xmlns="http://schemas.microsoft.com/developer/msbuild/2003">
  <ItemGroup>
    <Filter Include="Alice">
      <UniqueIdentifier>{A33DD40C-0F52-FCBD-D8D3-9F1D44A7F8EE}</UniqueIdentifier>
    </Filter>
  </ItemGroup>
  <ItemGroup>
    <ClInclude Include="src\Alice.h" />
    <ClInclude Include="src\Alice\Application.h">
      <Filter>Alice</Filter>
    </ClInclude>
    <ClInclude Include="src\Alice\Core.h">
      <Filter>Alice</Filter>
    </ClInclude>
    <ClInclude Include="src\Alice\EntryPoint.h">
      <Filter>Alice</Filter>
    </ClInclude>
    <ClInclude Include="src\Alice\Log.h">
      <Filter>Alice</Filter>
    </ClInclude>
  </ItemGroup>
  <ItemGroup>
    <ClCompile Include="src\Alice\Application.cpp">
      <Filter>Alice</Filter>
    </ClCompile>
    <ClCompile Include="src\Alice\Log.cpp">
      <Filter>Alice</Filter>
    </ClCompile>
  </ItemGroup>
</Project>